
Microsoft Visual Studio Solution File, Format Version 12.00
# Visual Studio 2012
Project("{2150E333-8FDC-42A3-9474-1A3956D46DE8}") = "Dependancies", "Dependancies", "{38A17332-9980-4771-9623-DCAC688BD115}"
EndProject
Project("{FAE04EC0-301F-11D3-BF4B-00C04F79EFBC}") = "SFML", "Depends\SFML.Net\My Combined Build\SFML\SFML\SFML.csproj", "{A23CEAE5-AC79-47D7-830C-67F760D3774D}"
EndProject
Project("{2150E333-8FDC-42A3-9474-1A3956D46DE8}") = "Game", "Game", "{0101B793-BCB1-43C3-8A6A-990E8007A876}"
EndProject
Project("{FAE04EC0-301F-11D3-BF4B-00C04F79EFBC}") = "WM.Core", "Game\WM.Core\WM.Core.csproj", "{F24B2899-6263-4E2B-BFCB-CA493F745ECF}"
EndProject
Global
	GlobalSection(SolutionConfigurationPlatforms) = preSolution
		Debug|Any CPU = Debug|Any CPU
		Release|Any CPU = Release|Any CPU
		Debug|x86 = Debug|x86
		Release|x86 = Release|x86
		Debug|x64 = Debug|x64
		Release|x64 = Release|x64
	EndGlobalSection
	GlobalSection(ProjectConfigurationPlatforms) = postSolution
		{A23CEAE5-AC79-47D7-830C-67F760D3774D}.Debug|Any CPU.ActiveCfg = Debug|Any CPU
		{A23CEAE5-AC79-47D7-830C-67F760D3774D}.Debug|Any CPU.Build.0 = Debug|Any CPU
		{A23CEAE5-AC79-47D7-830C-67F760D3774D}.Debug|x64.ActiveCfg = Debug|Any CPU
		{A23CEAE5-AC79-47D7-830C-67F760D3774D}.Debug|x64.Build.0 = Debug|Any CPU
		{A23CEAE5-AC79-47D7-830C-67F760D3774D}.Debug|x86.ActiveCfg = Debug|Any CPU
		{A23CEAE5-AC79-47D7-830C-67F760D3774D}.Debug|x86.Build.0 = Debug|Any CPU
		{A23CEAE5-AC79-47D7-830C-67F760D3774D}.Release|Any CPU.ActiveCfg = Release|Any CPU
		{A23CEAE5-AC79-47D7-830C-67F760D3774D}.Release|Any CPU.Build.0 = Release|Any CPU
		{A23CEAE5-AC79-47D7-830C-67F760D3774D}.Release|x64.ActiveCfg = Release|Any CPU
		{A23CEAE5-AC79-47D7-830C-67F760D3774D}.Release|x64.Build.0 = Release|Any CPU
		{A23CEAE5-AC79-47D7-830C-67F760D3774D}.Release|x86.ActiveCfg = Release|Any CPU
		{A23CEAE5-AC79-47D7-830C-67F760D3774D}.Release|x86.Build.0 = Release|Any CPU
		{F24B2899-6263-4E2B-BFCB-CA493F745ECF}.Debug|Any CPU.ActiveCfg = Debug|Any CPU
		{F24B2899-6263-4E2B-BFCB-CA493F745ECF}.Debug|Any CPU.Build.0 = Debug|Any CPU
		{F24B2899-6263-4E2B-BFCB-CA493F745ECF}.Debug|x64.ActiveCfg = Debug|Any CPU
		{F24B2899-6263-4E2B-BFCB-CA493F745ECF}.Debug|x64.Build.0 = Debug|Any CPU
		{F24B2899-6263-4E2B-BFCB-CA493F745ECF}.Debug|x86.ActiveCfg = Debug|Any CPU
		{F24B2899-6263-4E2B-BFCB-CA493F745ECF}.Debug|x86.Build.0 = Debug|Any CPU
		{F24B2899-6263-4E2B-BFCB-CA493F745ECF}.Release|Any CPU.ActiveCfg = Release|Any CPU
		{F24B2899-6263-4E2B-BFCB-CA493F745ECF}.Release|Any CPU.Build.0 = Release|Any CPU
		{F24B2899-6263-4E2B-BFCB-CA493F745ECF}.Release|x64.ActiveCfg = Release|Any CPU
		{F24B2899-6263-4E2B-BFCB-CA493F745ECF}.Release|x64.Build.0 = Release|Any CPU
		{F24B2899-6263-4E2B-BFCB-CA493F745ECF}.Release|x86.ActiveCfg = Release|Any CPU
		{F24B2899-6263-4E2B-BFCB-CA493F745ECF}.Release|x86.Build.0 = Release|Any CPU
	EndGlobalSection
	GlobalSection(NestedProjects) = preSolution
		{A23CEAE5-AC79-47D7-830C-67F760D3774D} = {38A17332-9980-4771-9623-DCAC688BD115}
		{F24B2899-6263-4E2B-BFCB-CA493F745ECF} = {0101B793-BCB1-43C3-8A6A-990E8007A876}
	EndGlobalSection
EndGlobal
